
Microsoft Visual Studio Solution File, Format Version 12.00
# Visual Studio Version 17
VisualStudioVersion = 17.9.34902.65
MinimumVisualStudioVersion = 10.0.40219.1
Project("{9A19103F-16F7-4668-BE54-9A1E7A4F7556}") = "Webshop Project.API", "Webshop Project\Webshop Project.API.csproj", "{96B320D9-0BFA-45B9-BE3A-75E82CAD49C6}"
EndProject
Project("{9A19103F-16F7-4668-BE54-9A1E7A4F7556}") = "Webshop Project.API.Business", "Webshop Project.API.Business\Webshop Project.API.Business.csproj", "{ADCD506F-EC5F-455B-BCB3-DB04F293BF47}"
EndProject
Project("{9A19103F-16F7-4668-BE54-9A1E7A4F7556}") = "Webshop Project.API.Data", "Webshop Project.API.Data\Webshop Project.API.Data.csproj", "{0C4A2732-36C2-42BD-BA75-0592AC156BC4}"
EndProject
Project("{9A19103F-16F7-4668-BE54-9A1E7A4F7556}") = "Webshop.Project.Tests", "Webshop.Project.Tests\Webshop.Project.Tests.csproj", "{4F55DD21-592E-4908-8153-E69CC0FB41B9}"
EndProject
Project("{54A90642-561A-4BB1-A94E-469ADEE60C69}") = "Webshop.Project.UI", "Webshop.Project.UI\Webshop.Project.UI.esproj", "{31C2A8B9-75FC-49CF-B54A-D91D5F2EB96B}"
EndProject
Global
	GlobalSection(SolutionConfigurationPlatforms) = preSolution
		Debug|Any CPU = Debug|Any CPU
		Release|Any CPU = Release|Any CPU
	EndGlobalSection
	GlobalSection(ProjectConfigurationPlatforms) = postSolution
		{96B320D9-0BFA-45B9-BE3A-75E82CAD49C6}.Debug|Any CPU.ActiveCfg = Debug|Any CPU
		{96B320D9-0BFA-45B9-BE3A-75E82CAD49C6}.Debug|Any CPU.Build.0 = Debug|Any CPU
		{96B320D9-0BFA-45B9-BE3A-75E82CAD49C6}.Release|Any CPU.ActiveCfg = Release|Any CPU
		{96B320D9-0BFA-45B9-BE3A-75E82CAD49C6}.Release|Any CPU.Build.0 = Release|Any CPU
		{ADCD506F-EC5F-455B-BCB3-DB04F293BF47}.Debug|Any CPU.ActiveCfg = Debug|Any CPU
		{ADCD506F-EC5F-455B-BCB3-DB04F293BF47}.Debug|Any CPU.Build.0 = Debug|Any CPU
		{ADCD506F-EC5F-455B-BCB3-DB04F293BF47}.Release|Any CPU.ActiveCfg = Release|Any CPU
		{ADCD506F-EC5F-455B-BCB3-DB04F293BF47}.Release|Any CPU.Build.0 = Release|Any CPU
		{0C4A2732-36C2-42BD-BA75-0592AC156BC4}.Debug|Any CPU.ActiveCfg = Debug|Any CPU
		{0C4A2732-36C2-42BD-BA75-0592AC156BC4}.Debug|Any CPU.Build.0 = Debug|Any CPU
		{0C4A2732-36C2-42BD-BA75-0592AC156BC4}.Release|Any CPU.ActiveCfg = Release|Any CPU
		{0C4A2732-36C2-42BD-BA75-0592AC156BC4}.Release|Any CPU.Build.0 = Release|Any CPU
		{4F55DD21-592E-4908-8153-E69CC0FB41B9}.Debug|Any CPU.ActiveCfg = Debug|Any CPU
		{4F55DD21-592E-4908-8153-E69CC0FB41B9}.Debug|Any CPU.Build.0 = Debug|Any CPU
		{4F55DD21-592E-4908-8153-E69CC0FB41B9}.Release|Any CPU.ActiveCfg = Release|Any CPU
		{4F55DD21-592E-4908-8153-E69CC0FB41B9}.Release|Any CPU.Build.0 = Release|Any CPU
		{31C2A8B9-75FC-49CF-B54A-D91D5F2EB96B}.Debug|Any CPU.ActiveCfg = Debug|Any CPU
		{31C2A8B9-75FC-49CF-B54A-D91D5F2EB96B}.Debug|Any CPU.Build.0 = Debug|Any CPU
		{31C2A8B9-75FC-49CF-B54A-D91D5F2EB96B}.Debug|Any CPU.Deploy.0 = Debug|Any CPU
		{31C2A8B9-75FC-49CF-B54A-D91D5F2EB96B}.Release|Any CPU.ActiveCfg = Release|Any CPU
		{31C2A8B9-75FC-49CF-B54A-D91D5F2EB96B}.Release|Any CPU.Build.0 = Release|Any CPU
		{31C2A8B9-75FC-49CF-B54A-D91D5F2EB96B}.Release|Any CPU.Deploy.0 = Release|Any CPU
	EndGlobalSection
	GlobalSection(SolutionProperties) = preSolution
		HideSolutionNode = FALSE
	EndGlobalSection
	GlobalSection(ExtensibilityGlobals) = postSolution
		SolutionGuid = {18C45856-967F-417D-8799-8F8B51915D75}
	EndGlobalSection
EndGlobal
